
Microsoft Visual Studio Solution File, Format Version 12.00
# Visual Studio 14
VisualStudioVersion = 14.0.25420.1
MinimumVisualStudioVersion = 10.0.40219.1
Project("{FAE04EC0-301F-11D3-BF4B-00C04F79EFBC}") = "Konzola", "Konzola\Konzola.csproj", "{DA0CE5C8-F7DE-4C38-BBC5-44D07FD0B327}"
EndProject
Global
	GlobalSection(SolutionConfigurationPlatforms) = preSolution
		Debug|Any CPU = Debug|Any CPU
		Release|Any CPU = Release|Any CPU
	EndGlobalSection
	GlobalSection(ProjectConfigurationPlatforms) = postSolution
		{DA0CE5C8-F7DE-4C38-BBC5-44D07FD0B327}.Debug|Any CPU.ActiveCfg = Debug|Any CPU
		{DA0CE5C8-F7DE-4C38-BBC5-44D07FD0B327}.Debug|Any CPU.Build.0 = Debug|Any CPU
		{DA0CE5C8-F7DE-4C38-BBC5-44D07FD0B327}.Release|Any CPU.ActiveCfg = Release|Any CPU
		{DA0CE5C8-F7DE-4C38-BBC5-44D07FD0B327}.Release|Any CPU.Build.0 = Release|Any CPU
	EndGlobalSection
	GlobalSection(SolutionProperties) = preSolution
		HideSolutionNode = FALSE
	EndGlobalSection
EndGlobal
